
Microsoft Visual Studio Solution File, Format Version 12.00
# Visual Studio Version 17
VisualStudioVersion = 17.13.35723.152 d17.13
MinimumVisualStudioVersion = 10.0.40219.1
Project("{FAE04EC0-301F-11D3-BF4B-00C04F79EFBC}") = "PA3_Oppermann_Fabian", "PA3_Oppermann_Fabian\PA3_Oppermann_Fabian.csproj", "{4F8CC77D-4565-42C9-93F0-D9397F608920}"
EndProject
Project("{FAE04EC0-301F-11D3-BF4B-00C04F79EFBC}") = "TerminControlLibrary", "TerminControlLibrary\TerminControlLibrary.csproj", "{732D0A40-BEE4-48BF-A098-D328751EC03B}"
EndProject
Global
	GlobalSection(SolutionConfigurationPlatforms) = preSolution
		Debug|Any CPU = Debug|Any CPU
		Release|Any CPU = Release|Any CPU
	EndGlobalSection
	GlobalSection(ProjectConfigurationPlatforms) = postSolution
		{4F8CC77D-4565-42C9-93F0-D9397F608920}.Debug|Any CPU.ActiveCfg = Debug|Any CPU
		{4F8CC77D-4565-42C9-93F0-D9397F608920}.Debug|Any CPU.Build.0 = Debug|Any CPU
		{4F8CC77D-4565-42C9-93F0-D9397F608920}.Release|Any CPU.ActiveCfg = Release|Any CPU
		{4F8CC77D-4565-42C9-93F0-D9397F608920}.Release|Any CPU.Build.0 = Release|Any CPU
		{732D0A40-BEE4-48BF-A098-D328751EC03B}.Debug|Any CPU.ActiveCfg = Debug|Any CPU
		{732D0A40-BEE4-48BF-A098-D328751EC03B}.Debug|Any CPU.Build.0 = Debug|Any CPU
		{732D0A40-BEE4-48BF-A098-D328751EC03B}.Release|Any CPU.ActiveCfg = Release|Any CPU
		{732D0A40-BEE4-48BF-A098-D328751EC03B}.Release|Any CPU.Build.0 = Release|Any CPU
	EndGlobalSection
	GlobalSection(SolutionProperties) = preSolution
		HideSolutionNode = FALSE
	EndGlobalSection
	GlobalSection(ExtensibilityGlobals) = postSolution
		SolutionGuid = {96347447-33BB-4E6E-9B85-2BA70CDFDF57}
	EndGlobalSection
EndGlobal
