
Microsoft Visual Studio Solution File, Format Version 12.00
# Visual Studio Version 17
VisualStudioVersion = 17.11.35303.130
MinimumVisualStudioVersion = 10.0.40219.1
Project("{FAE04EC0-301F-11D3-BF4B-00C04F79EFBC}") = "PA1N_4A_2024", "PA1N_4A_2024\PA1N_4A_2024.csproj", "{153AC1DA-6BB1-4458-9921-059546D75B8E}"
EndProject
Global
	GlobalSection(SolutionConfigurationPlatforms) = preSolution
		Debug|Any CPU = Debug|Any CPU
		Release|Any CPU = Release|Any CPU
	EndGlobalSection
	GlobalSection(ProjectConfigurationPlatforms) = postSolution
		{153AC1DA-6BB1-4458-9921-059546D75B8E}.Debug|Any CPU.ActiveCfg = Debug|Any CPU
		{153AC1DA-6BB1-4458-9921-059546D75B8E}.Debug|Any CPU.Build.0 = Debug|Any CPU
		{153AC1DA-6BB1-4458-9921-059546D75B8E}.Release|Any CPU.ActiveCfg = Release|Any CPU
		{153AC1DA-6BB1-4458-9921-059546D75B8E}.Release|Any CPU.Build.0 = Release|Any CPU
	EndGlobalSection
	GlobalSection(SolutionProperties) = preSolution
		HideSolutionNode = FALSE
	EndGlobalSection
	GlobalSection(ExtensibilityGlobals) = postSolution
		SolutionGuid = {A771963A-7120-46AB-94E0-A24F398AD9D0}
	EndGlobalSection
EndGlobal
