
Microsoft Visual Studio Solution File, Format Version 12.00
# Visual Studio Version 17
VisualStudioVersion = 17.11.35327.3
MinimumVisualStudioVersion = 10.0.40219.1
Project("{FAE04EC0-301F-11D3-BF4B-00C04F79EFBC}") = "Kreuzung", "Kreuzung\Kreuzung.csproj", "{23743B6A-DB4B-491E-A702-F662A5607F0B}"
EndProject
Global
	GlobalSection(SolutionConfigurationPlatforms) = preSolution
		Debug|Any CPU = Debug|Any CPU
		Release|Any CPU = Release|Any CPU
	EndGlobalSection
	GlobalSection(ProjectConfigurationPlatforms) = postSolution
		{23743B6A-DB4B-491E-A702-F662A5607F0B}.Debug|Any CPU.ActiveCfg = Debug|Any CPU
		{23743B6A-DB4B-491E-A702-F662A5607F0B}.Debug|Any CPU.Build.0 = Debug|Any CPU
		{23743B6A-DB4B-491E-A702-F662A5607F0B}.Release|Any CPU.ActiveCfg = Release|Any CPU
		{23743B6A-DB4B-491E-A702-F662A5607F0B}.Release|Any CPU.Build.0 = Release|Any CPU
	EndGlobalSection
	GlobalSection(SolutionProperties) = preSolution
		HideSolutionNode = FALSE
	EndGlobalSection
	GlobalSection(ExtensibilityGlobals) = postSolution
		SolutionGuid = {A06BB359-DED1-441A-AEF6-952025EEFAB0}
	EndGlobalSection
EndGlobal
