
Microsoft Visual Studio Solution File, Format Version 12.00
# Visual Studio Version 17
VisualStudioVersion = 17.13.35617.110 d17.13
MinimumVisualStudioVersion = 10.0.40219.1
Project("{FAE04EC0-301F-11D3-BF4B-00C04F79EFBC}") = "Rucksack", "Rucksack\Rucksack.csproj", "{D617EF1F-8F22-432C-800C-1CDB7F6C8AAD}"
EndProject
Global
	GlobalSection(SolutionConfigurationPlatforms) = preSolution
		Debug|Any CPU = Debug|Any CPU
		Release|Any CPU = Release|Any CPU
	EndGlobalSection
	GlobalSection(ProjectConfigurationPlatforms) = postSolution
		{D617EF1F-8F22-432C-800C-1CDB7F6C8AAD}.Debug|Any CPU.ActiveCfg = Debug|Any CPU
		{D617EF1F-8F22-432C-800C-1CDB7F6C8AAD}.Debug|Any CPU.Build.0 = Debug|Any CPU
		{D617EF1F-8F22-432C-800C-1CDB7F6C8AAD}.Release|Any CPU.ActiveCfg = Release|Any CPU
		{D617EF1F-8F22-432C-800C-1CDB7F6C8AAD}.Release|Any CPU.Build.0 = Release|Any CPU
	EndGlobalSection
	GlobalSection(SolutionProperties) = preSolution
		HideSolutionNode = FALSE
	EndGlobalSection
	GlobalSection(ExtensibilityGlobals) = postSolution
		SolutionGuid = {CF3C7568-4FDE-455A-8308-DA3B24DA58A8}
	EndGlobalSection
EndGlobal
