
Microsoft Visual Studio Solution File, Format Version 12.00
# Visual Studio Version 17
VisualStudioVersion = 17.14.36414.22 d17.14
MinimumVisualStudioVersion = 10.0.40219.1
Project("{8BC9CEB8-8B4A-11D0-8D11-00A0C91BC942}") = "QtWidgetsApp", "QtWidgetsApp\QtWidgetsApp.vcxproj", "{55B81A7C-7657-4BF9-A0CE-14F7F6AD15DA}"
EndProject
Project("{8BC9CEB8-8B4A-11D0-8D11-00A0C91BC942}") = "MyLib", "MyLib\MyLib.vcxproj", "{C2C61DB3-AFB7-49A8-9D0B-6BAA03EAA8CF}"
EndProject
Global
	GlobalSection(SolutionConfigurationPlatforms) = preSolution
		Debug|x64 = Debug|x64
		Release|x64 = Release|x64
	EndGlobalSection
	GlobalSection(ProjectConfigurationPlatforms) = postSolution
		{55B81A7C-7657-4BF9-A0CE-14F7F6AD15DA}.Debug|x64.ActiveCfg = Debug|x64
		{55B81A7C-7657-4BF9-A0CE-14F7F6AD15DA}.Debug|x64.Build.0 = Debug|x64
		{55B81A7C-7657-4BF9-A0CE-14F7F6AD15DA}.Release|x64.ActiveCfg = Release|x64
		{55B81A7C-7657-4BF9-A0CE-14F7F6AD15DA}.Release|x64.Build.0 = Release|x64
		{C2C61DB3-AFB7-49A8-9D0B-6BAA03EAA8CF}.Debug|x64.ActiveCfg = Debug|x64
		{C2C61DB3-AFB7-49A8-9D0B-6BAA03EAA8CF}.Debug|x64.Build.0 = Debug|x64
		{C2C61DB3-AFB7-49A8-9D0B-6BAA03EAA8CF}.Release|x64.ActiveCfg = Release|x64
		{C2C61DB3-AFB7-49A8-9D0B-6BAA03EAA8CF}.Release|x64.Build.0 = Release|x64
	EndGlobalSection
	GlobalSection(SolutionProperties) = preSolution
		HideSolutionNode = FALSE
	EndGlobalSection
	GlobalSection(ExtensibilityGlobals) = postSolution
		SolutionGuid = {0F909BF9-AAE3-4719-A4B2-BF42F7115799}
	EndGlobalSection
EndGlobal
