
Microsoft Visual Studio Solution File, Format Version 12.00
# Visual Studio Version 17
VisualStudioVersion = 17.12.35527.113
MinimumVisualStudioVersion = 10.0.40219.1
Project("{FAE04EC0-301F-11D3-BF4B-00C04F79EFBC}") = "WPF Wecker", "WPF Wecker\WPF Wecker.csproj", "{78CDE8F1-FD13-4432-98D4-22AF80E1969F}"
EndProject
Project("{FAE04EC0-301F-11D3-BF4B-00C04F79EFBC}") = "WeckerLibrary", "WeckerLibrary\WeckerLibrary.csproj", "{65012AAA-E222-4FFF-91A9-93C7860A0F56}"
EndProject
Global
	GlobalSection(SolutionConfigurationPlatforms) = preSolution
		Debug|Any CPU = Debug|Any CPU
		Release|Any CPU = Release|Any CPU
	EndGlobalSection
	GlobalSection(ProjectConfigurationPlatforms) = postSolution
		{78CDE8F1-FD13-4432-98D4-22AF80E1969F}.Debug|Any CPU.ActiveCfg = Debug|Any CPU
		{78CDE8F1-FD13-4432-98D4-22AF80E1969F}.Debug|Any CPU.Build.0 = Debug|Any CPU
		{78CDE8F1-FD13-4432-98D4-22AF80E1969F}.Release|Any CPU.ActiveCfg = Release|Any CPU
		{78CDE8F1-FD13-4432-98D4-22AF80E1969F}.Release|Any CPU.Build.0 = Release|Any CPU
		{65012AAA-E222-4FFF-91A9-93C7860A0F56}.Debug|Any CPU.ActiveCfg = Debug|Any CPU
		{65012AAA-E222-4FFF-91A9-93C7860A0F56}.Debug|Any CPU.Build.0 = Debug|Any CPU
		{65012AAA-E222-4FFF-91A9-93C7860A0F56}.Release|Any CPU.ActiveCfg = Release|Any CPU
		{65012AAA-E222-4FFF-91A9-93C7860A0F56}.Release|Any CPU.Build.0 = Release|Any CPU
	EndGlobalSection
	GlobalSection(SolutionProperties) = preSolution
		HideSolutionNode = FALSE
	EndGlobalSection
EndGlobal
