Microsoft Visual Studio Solution File, Format Version 12.00
# Visual Studio Version 17
VisualStudioVersion = 17.14.35906.104
MinimumVisualStudioVersion = 10.0.40219.1
Project("{FAE04EC0-301F-11D3-BF4B-00C04F79EFBC}") = "PA4_Oppermann_Fabian", "PA4_Oppermann_Fabian\PA4_Oppermann_Fabian.csproj", "{3CE53621-E3E9-4133-AE3E-89626EC40E15}"
EndProject
Global
	GlobalSection(SolutionConfigurationPlatforms) = preSolution
		Debug|Any CPU = Debug|Any CPU
		Release|Any CPU = Release|Any CPU
	EndGlobalSection
	GlobalSection(ProjectConfigurationPlatforms) = postSolution
		{3CE53621-E3E9-4133-AE3E-89626EC40E15}.Debug|Any CPU.ActiveCfg = Debug|Any CPU
		{3CE53621-E3E9-4133-AE3E-89626EC40E15}.Debug|Any CPU.Build.0 = Debug|Any CPU
		{3CE53621-E3E9-4133-AE3E-89626EC40E15}.Release|Any CPU.ActiveCfg = Release|Any CPU
		{3CE53621-E3E9-4133-AE3E-89626EC40E15}.Release|Any CPU.Build.0 = Release|Any CPU
	EndGlobalSection
	GlobalSection(SolutionProperties) = preSolution
		HideSolutionNode = FALSE
	EndGlobalSection
	GlobalSection(ExtensibilityGlobals) = postSolution
		SolutionGuid = {8F6DF8C5-88D9-4758-B889-B7F2E8D37928}
	EndGlobalSection
EndGlobal
