
Microsoft Visual Studio Solution File, Format Version 12.00
# Visual Studio Version 17
VisualStudioVersion = 17.13.35723.152 d17.13
MinimumVisualStudioVersion = 10.0.40219.1
Project("{FAE04EC0-301F-11D3-BF4B-00C04F79EFBC}") = "WPF WordPad", "WPF WordPad\WPF WordPad.csproj", "{81AB3E9D-F4D8-4319-8187-A984F74F7160}"
EndProject
Global
	GlobalSection(SolutionConfigurationPlatforms) = preSolution
		Debug|Any CPU = Debug|Any CPU
		Release|Any CPU = Release|Any CPU
	EndGlobalSection
	GlobalSection(ProjectConfigurationPlatforms) = postSolution
		{81AB3E9D-F4D8-4319-8187-A984F74F7160}.Debug|Any CPU.ActiveCfg = Debug|Any CPU
		{81AB3E9D-F4D8-4319-8187-A984F74F7160}.Debug|Any CPU.Build.0 = Debug|Any CPU
		{81AB3E9D-F4D8-4319-8187-A984F74F7160}.Release|Any CPU.ActiveCfg = Release|Any CPU
		{81AB3E9D-F4D8-4319-8187-A984F74F7160}.Release|Any CPU.Build.0 = Release|Any CPU
	EndGlobalSection
	GlobalSection(SolutionProperties) = preSolution
		HideSolutionNode = FALSE
	EndGlobalSection
	GlobalSection(ExtensibilityGlobals) = postSolution
		SolutionGuid = {34114793-F2BF-41BC-9D0E-AA85FF0F9595}
	EndGlobalSection
EndGlobal
