
Microsoft Visual Studio Solution File, Format Version 12.00
# Visual Studio Version 17
VisualStudioVersion = 17.13.35723.152 d17.13
MinimumVisualStudioVersion = 10.0.40219.1
Project("{FAE04EC0-301F-11D3-BF4B-00C04F79EFBC}") = "WPF Media Player", "WPF Media Player\WPF Media Player.csproj", "{A6F2A1C8-4027-4B66-80E2-020E2275719D}"
EndProject
Global
	GlobalSection(SolutionConfigurationPlatforms) = preSolution
		Debug|Any CPU = Debug|Any CPU
		Release|Any CPU = Release|Any CPU
	EndGlobalSection
	GlobalSection(ProjectConfigurationPlatforms) = postSolution
		{A6F2A1C8-4027-4B66-80E2-020E2275719D}.Debug|Any CPU.ActiveCfg = Debug|Any CPU
		{A6F2A1C8-4027-4B66-80E2-020E2275719D}.Debug|Any CPU.Build.0 = Debug|Any CPU
		{A6F2A1C8-4027-4B66-80E2-020E2275719D}.Release|Any CPU.ActiveCfg = Release|Any CPU
		{A6F2A1C8-4027-4B66-80E2-020E2275719D}.Release|Any CPU.Build.0 = Release|Any CPU
	EndGlobalSection
	GlobalSection(SolutionProperties) = preSolution
		HideSolutionNode = FALSE
	EndGlobalSection
	GlobalSection(ExtensibilityGlobals) = postSolution
		SolutionGuid = {CBA451DE-FEE7-4EBD-A447-86CCDE0127DF}
	EndGlobalSection
EndGlobal
