<?xml version="1.0" encoding="utf-8"?>
<Project ToolsVersion="4.0" xmlns="http://schemas.microsoft.com/developer/msbuild/2003">
  <ItemGroup>
    <Filter Include="Source Files">
      <UniqueIdentifier>{4FC737F1-C7A5-4376-A066-2A32D752A2FF}</UniqueIdentifier>
      <Extensions>qml;cpp;c;cc;cxx;def;odl;idl;hpj;bat;asm;asmx</Extensions>
    </Filter>
    <Filter Include="Header Files">
      <UniqueIdentifier>{93995380-89BD-4b04-88EB-625FBE52EBFB}</UniqueIdentifier>
      <Extensions>h;hh;hpp;hxx;hm;inl;inc;xsd</Extensions>
    </Filter>
    <Filter Include="Resource Files">
      <UniqueIdentifier>{67DA6AB6-F800-4c08-8B7A-83BB121AAD01}</UniqueIdentifier>
      <Extensions>
        qrc;rc;ico;cur;bmp;dlg;rc2;rct;bin;rgs;gif;jpg;jpeg;jpe;resx;tiff;tif;png;wav;mfcribbon-ms</Extensions>
    </Filter>
    <Filter Include="Form Files">
      <UniqueIdentifier>{99349809-55BA-4b9d-BF79-8FDBB0286EB3}</UniqueIdentifier>
      <Extensions>ui</Extensions>
    </Filter>
    <Filter Include="Translation Files">
      <UniqueIdentifier>{639EADAA-A684-42e4-A9AD-28FC9BCB8F7C}</UniqueIdentifier>
      <Extensions>ts</Extensions>
    </Filter>
  </ItemGroup>
  <ItemGroup>
    <QtRcc Include="Roboter.qrc">
      <Filter>Resource Files</Filter>
    </QtRcc>
    <QtUic Include="Roboter.ui">
      <Filter>Form Files</Filter>
    </QtUic>
    <QtMoc Include="Roboter.h">
      <Filter>Header Files</Filter>
    </QtMoc>
    <ClCompile Include="Roboter.cpp">
      <Filter>Source Files</Filter>
    </ClCompile>
  </ItemGroup>
  <ItemGroup>
    <ClCompile Include="main.cpp">
      <Filter>Source Files</Filter>
    </ClCompile>
    <ClCompile Include="Expression\expression.cpp">
      <Filter>Source Files</Filter>
    </ClCompile>
    <ClCompile Include="Token\token.cpp">
      <Filter>Source Files</Filter>
    </ClCompile>
    <ClCompile Include="XML\level_parser.cpp">
      <Filter>Source Files</Filter>
    </ClCompile>
    <ClCompile Include="ProgramParser\Tokenizer.cpp">
      <Filter>Source Files</Filter>
    </ClCompile>
    <ClCompile Include="ProgramParser\Parser.cpp">
      <Filter>Source Files</Filter>
    </ClCompile>
    <ClCompile Include="ProgramParser\Interpreter.cpp">
      <Filter>Source Files</Filter>
    </ClCompile>
  </ItemGroup>
  <ItemGroup>
    <ClInclude Include="Expression\expression.h">
      <Filter>Header Files</Filter>
    </ClInclude>
    <ClInclude Include="Token\token.h">
      <Filter>Header Files</Filter>
    </ClInclude>
    <ClInclude Include="..\include\robotelement.h">
      <Filter>Header Files</Filter>
    </ClInclude>
    <ClInclude Include="..\include\RobotLibrary_global.h">
      <Filter>Header Files</Filter>
    </ClInclude>
    <ClInclude Include="XML\level_parser.h">
      <Filter>Header Files</Filter>
    </ClInclude>
    <ClInclude Include="ProgramParser\Tokenizer.h">
      <Filter>Header Files</Filter>
    </ClInclude>
    <ClInclude Include="ProgramParser\README.h">
      <Filter>Header Files</Filter>
    </ClInclude>
    <ClInclude Include="ProgramParser\Parser.h">
      <Filter>Header Files</Filter>
    </ClInclude>
    <ClInclude Include="ProgramParser\ASTNode.h">
      <Filter>Header Files</Filter>
    </ClInclude>
    <ClInclude Include="ProgramParser\AST.h">
      <Filter>Header Files</Filter>
    </ClInclude>
    <ClInclude Include="ProgramParser\Interpreter.h">
      <Filter>Header Files</Filter>
    </ClInclude>
  </ItemGroup>
  <ItemGroup>
    <QtMoc Include="..\include\robotmap.h">
      <Filter>Header Files</Filter>
    </QtMoc>
  </ItemGroup>
</Project>