Microsoft Visual Studio Solution File, Format Version 12.00
# Visual Studio Version 17
VisualStudioVersion = 17.14.35906.104
MinimumVisualStudioVersion = 10.0.40219.1
Project("{FAE04EC0-301F-11D3-BF4B-00C04F79EFBC}") = "Waldwunder Verwaltung", "Waldwunder Verwaltung\Waldwunder Verwaltung.csproj", "{2BCA6830-8CDE-40C2-97C1-5DEAB3339D2F}"
EndProject
Global
	GlobalSection(SolutionConfigurationPlatforms) = preSolution
		Debug|Any CPU = Debug|Any CPU
		Release|Any CPU = Release|Any CPU
	EndGlobalSection
	GlobalSection(ProjectConfigurationPlatforms) = postSolution
		{2BCA6830-8CDE-40C2-97C1-5DEAB3339D2F}.Debug|Any CPU.ActiveCfg = Debug|Any CPU
		{2BCA6830-8CDE-40C2-97C1-5DEAB3339D2F}.Debug|Any CPU.Build.0 = Debug|Any CPU
		{2BCA6830-8CDE-40C2-97C1-5DEAB3339D2F}.Release|Any CPU.ActiveCfg = Release|Any CPU
		{2BCA6830-8CDE-40C2-97C1-5DEAB3339D2F}.Release|Any CPU.Build.0 = Release|Any CPU
	EndGlobalSection
	GlobalSection(SolutionProperties) = preSolution
		HideSolutionNode = FALSE
	EndGlobalSection
	GlobalSection(ExtensibilityGlobals) = postSolution
		SolutionGuid = {7E87D393-7554-4C8F-A8BB-E543B8E7ED2A}
	EndGlobalSection
EndGlobal
