
Microsoft Visual Studio Solution File, Format Version 12.00
# Visual Studio Version 17
VisualStudioVersion = 17.13.35723.152 d17.13
MinimumVisualStudioVersion = 10.0.40219.1
Project("{FAE04EC0-301F-11D3-BF4B-00C04F79EFBC}") = "WPF Einkaufslistengenerator", "WPF Einkaufslistengenerator\WPF Einkaufslistengenerator.csproj", "{FE0C8CCE-DACD-4247-BB32-71A1FEB6F053}"
EndProject
Global
	GlobalSection(SolutionConfigurationPlatforms) = preSolution
		Debug|Any CPU = Debug|Any CPU
		Release|Any CPU = Release|Any CPU
	EndGlobalSection
	GlobalSection(ProjectConfigurationPlatforms) = postSolution
		{FE0C8CCE-DACD-4247-BB32-71A1FEB6F053}.Debug|Any CPU.ActiveCfg = Debug|Any CPU
		{FE0C8CCE-DACD-4247-BB32-71A1FEB6F053}.Debug|Any CPU.Build.0 = Debug|Any CPU
		{FE0C8CCE-DACD-4247-BB32-71A1FEB6F053}.Release|Any CPU.ActiveCfg = Release|Any CPU
		{FE0C8CCE-DACD-4247-BB32-71A1FEB6F053}.Release|Any CPU.Build.0 = Release|Any CPU
	EndGlobalSection
	GlobalSection(SolutionProperties) = preSolution
		HideSolutionNode = FALSE
	EndGlobalSection
	GlobalSection(ExtensibilityGlobals) = postSolution
		SolutionGuid = {9361A343-40EF-48ED-8530-408953014F6B}
	EndGlobalSection
EndGlobal
