
Microsoft Visual Studio Solution File, Format Version 12.00
# Visual Studio Version 17
VisualStudioVersion = 17.14.36414.22 d17.14
MinimumVisualStudioVersion = 10.0.40219.1
Project("{8BC9CEB8-8B4A-11D0-8D11-00A0C91BC942}") = "Formen", "Formen\Formen.vcxproj", "{439F3EA2-F360-43C4-8019-50EBDDC93F38}"
EndProject
Project("{8BC9CEB8-8B4A-11D0-8D11-00A0C91BC942}") = "Form_Factory", "Form_Factory\Form_Factory.vcxproj", "{9AA779FB-96BC-4AF1-89BD-C2741CA2936B}"
EndProject
Project("{8BC9CEB8-8B4A-11D0-8D11-00A0C91BC942}") = "Form_Plugin", "Form_Plugin\Form_Plugin.vcxproj", "{8550454C-CFFD-4FDA-BF4D-16D9460AD9EA}"
EndProject
Global
	GlobalSection(SolutionConfigurationPlatforms) = preSolution
		Debug|x64 = Debug|x64
		Release|x64 = Release|x64
	EndGlobalSection
	GlobalSection(ProjectConfigurationPlatforms) = postSolution
		{439F3EA2-F360-43C4-8019-50EBDDC93F38}.Debug|x64.ActiveCfg = Debug|x64
		{439F3EA2-F360-43C4-8019-50EBDDC93F38}.Debug|x64.Build.0 = Debug|x64
		{439F3EA2-F360-43C4-8019-50EBDDC93F38}.Release|x64.ActiveCfg = Release|x64
		{439F3EA2-F360-43C4-8019-50EBDDC93F38}.Release|x64.Build.0 = Release|x64
		{9AA779FB-96BC-4AF1-89BD-C2741CA2936B}.Debug|x64.ActiveCfg = Debug|x64
		{9AA779FB-96BC-4AF1-89BD-C2741CA2936B}.Debug|x64.Build.0 = Debug|x64
		{9AA779FB-96BC-4AF1-89BD-C2741CA2936B}.Release|x64.ActiveCfg = Release|x64
		{9AA779FB-96BC-4AF1-89BD-C2741CA2936B}.Release|x64.Build.0 = Release|x64
		{8550454C-CFFD-4FDA-BF4D-16D9460AD9EA}.Debug|x64.ActiveCfg = Debug|x64
		{8550454C-CFFD-4FDA-BF4D-16D9460AD9EA}.Debug|x64.Build.0 = Debug|x64
		{8550454C-CFFD-4FDA-BF4D-16D9460AD9EA}.Release|x64.ActiveCfg = Release|x64
		{8550454C-CFFD-4FDA-BF4D-16D9460AD9EA}.Release|x64.Build.0 = Release|x64
	EndGlobalSection
	GlobalSection(SolutionProperties) = preSolution
		HideSolutionNode = FALSE
	EndGlobalSection
	GlobalSection(ExtensibilityGlobals) = postSolution
		SolutionGuid = {8EE7B36D-954D-4F61-9744-11D78122A97A}
	EndGlobalSection
EndGlobal
