
Microsoft Visual Studio Solution File, Format Version 12.00
# Visual Studio Version 17
VisualStudioVersion = 17.11.35219.272
MinimumVisualStudioVersion = 10.0.40219.1
Project("{FAE04EC0-301F-11D3-BF4B-00C04F79EFBC}") = "Die_speisenden_Philosophen", "Die_speisenden_Philosophen\Die_speisenden_Philosophen.csproj", "{914467C6-F761-4689-B409-C1BE9FFBAEAE}"
EndProject
Global
	GlobalSection(SolutionConfigurationPlatforms) = preSolution
		Debug|Any CPU = Debug|Any CPU
		Release|Any CPU = Release|Any CPU
	EndGlobalSection
	GlobalSection(ProjectConfigurationPlatforms) = postSolution
		{914467C6-F761-4689-B409-C1BE9FFBAEAE}.Debug|Any CPU.ActiveCfg = Debug|Any CPU
		{914467C6-F761-4689-B409-C1BE9FFBAEAE}.Debug|Any CPU.Build.0 = Debug|Any CPU
		{914467C6-F761-4689-B409-C1BE9FFBAEAE}.Release|Any CPU.ActiveCfg = Release|Any CPU
		{914467C6-F761-4689-B409-C1BE9FFBAEAE}.Release|Any CPU.Build.0 = Release|Any CPU
	EndGlobalSection
	GlobalSection(SolutionProperties) = preSolution
		HideSolutionNode = FALSE
	EndGlobalSection
	GlobalSection(ExtensibilityGlobals) = postSolution
		SolutionGuid = {8EF20ECB-6E2C-4C59-91B2-9A5DEAF83563}
	EndGlobalSection
EndGlobal
